
Microsoft Visual Studio Solution File, Format Version 12.00
# Visual Studio Version 16
VisualStudioVersion = 16.0.31424.327
MinimumVisualStudioVersion = 10.0.40219.1
Project("{FAE04EC0-301F-11D3-BF4B-00C04F79EFBC}") = "QuestionnaireSystem", "QuestionnaireSystem\QuestionnaireSystem.csproj", "{5159C479-9B5D-4289-BD29-A92642F9016E}"
EndProject
Project("{FAE04EC0-301F-11D3-BF4B-00C04F79EFBC}") = "QuestionnaireSystem.DBSource", "QuestionnaireSystem.DBSource\QuestionnaireSystem.DBSource.csproj", "{E695E0E0-B89E-4285-8C87-179A319D41FF}"
EndProject
Project("{FAE04EC0-301F-11D3-BF4B-00C04F79EFBC}") = "QuestionnaireSystem.ORM", "QuestionnaireSystem.ORM\QuestionnaireSystem.ORM.csproj", "{DFD7DA34-F207-45BA-A35A-591A88DB5FF2}"
EndProject
Global
	GlobalSection(SolutionConfigurationPlatforms) = preSolution
		Debug|Any CPU = Debug|Any CPU
		Release|Any CPU = Release|Any CPU
	EndGlobalSection
	GlobalSection(ProjectConfigurationPlatforms) = postSolution
		{5159C479-9B5D-4289-BD29-A92642F9016E}.Debug|Any CPU.ActiveCfg = Debug|Any CPU
		{5159C479-9B5D-4289-BD29-A92642F9016E}.Debug|Any CPU.Build.0 = Debug|Any CPU
		{5159C479-9B5D-4289-BD29-A92642F9016E}.Release|Any CPU.ActiveCfg = Release|Any CPU
		{5159C479-9B5D-4289-BD29-A92642F9016E}.Release|Any CPU.Build.0 = Release|Any CPU
		{E695E0E0-B89E-4285-8C87-179A319D41FF}.Debug|Any CPU.ActiveCfg = Debug|Any CPU
		{E695E0E0-B89E-4285-8C87-179A319D41FF}.Debug|Any CPU.Build.0 = Debug|Any CPU
		{E695E0E0-B89E-4285-8C87-179A319D41FF}.Release|Any CPU.ActiveCfg = Release|Any CPU
		{E695E0E0-B89E-4285-8C87-179A319D41FF}.Release|Any CPU.Build.0 = Release|Any CPU
		{DFD7DA34-F207-45BA-A35A-591A88DB5FF2}.Debug|Any CPU.ActiveCfg = Debug|Any CPU
		{DFD7DA34-F207-45BA-A35A-591A88DB5FF2}.Debug|Any CPU.Build.0 = Debug|Any CPU
		{DFD7DA34-F207-45BA-A35A-591A88DB5FF2}.Release|Any CPU.ActiveCfg = Release|Any CPU
		{DFD7DA34-F207-45BA-A35A-591A88DB5FF2}.Release|Any CPU.Build.0 = Release|Any CPU
	EndGlobalSection
	GlobalSection(SolutionProperties) = preSolution
		HideSolutionNode = FALSE
	EndGlobalSection
	GlobalSection(ExtensibilityGlobals) = postSolution
		SolutionGuid = {8FE91535-C69B-4081-A307-B42EA8E6BA0D}
	EndGlobalSection
EndGlobal
